
Microsoft Visual Studio Solution File, Format Version 12.00
# Visual Studio Version 17
VisualStudioVersion = 17.11.35327.3
MinimumVisualStudioVersion = 10.0.40219.1
Project("{FAE04EC0-301F-11D3-BF4B-00C04F79EFBC}") = "ex009", "ex009.csproj", "{04A59036-A904-4D79-A23A-5374EF136E4C}"
EndProject
Global
	GlobalSection(SolutionConfigurationPlatforms) = preSolution
		Debug|Any CPU = Debug|Any CPU
		Release|Any CPU = Release|Any CPU
	EndGlobalSection
	GlobalSection(ProjectConfigurationPlatforms) = postSolution
		{04A59036-A904-4D79-A23A-5374EF136E4C}.Debug|Any CPU.ActiveCfg = Debug|Any CPU
		{04A59036-A904-4D79-A23A-5374EF136E4C}.Debug|Any CPU.Build.0 = Debug|Any CPU
		{04A59036-A904-4D79-A23A-5374EF136E4C}.Release|Any CPU.ActiveCfg = Release|Any CPU
		{04A59036-A904-4D79-A23A-5374EF136E4C}.Release|Any CPU.Build.0 = Release|Any CPU
	EndGlobalSection
	GlobalSection(SolutionProperties) = preSolution
		HideSolutionNode = FALSE
	EndGlobalSection
	GlobalSection(ExtensibilityGlobals) = postSolution
		SolutionGuid = {5732AC69-FD91-4377-9FAF-CB141DBB5522}
	EndGlobalSection
EndGlobal
