
Microsoft Visual Studio Solution File, Format Version 12.00
# Visual Studio Version 17
VisualStudioVersion = 17.11.35327.3
MinimumVisualStudioVersion = 10.0.40219.1
Project("{FAE04EC0-301F-11D3-BF4B-00C04F79EFBC}") = "ex17", "ex17.csproj", "{2C16315B-CADA-4D65-9164-638766EAA5D8}"
EndProject
Global
	GlobalSection(SolutionConfigurationPlatforms) = preSolution
		Debug|Any CPU = Debug|Any CPU
		Release|Any CPU = Release|Any CPU
	EndGlobalSection
	GlobalSection(ProjectConfigurationPlatforms) = postSolution
		{2C16315B-CADA-4D65-9164-638766EAA5D8}.Debug|Any CPU.ActiveCfg = Debug|Any CPU
		{2C16315B-CADA-4D65-9164-638766EAA5D8}.Debug|Any CPU.Build.0 = Debug|Any CPU
		{2C16315B-CADA-4D65-9164-638766EAA5D8}.Release|Any CPU.ActiveCfg = Release|Any CPU
		{2C16315B-CADA-4D65-9164-638766EAA5D8}.Release|Any CPU.Build.0 = Release|Any CPU
	EndGlobalSection
	GlobalSection(SolutionProperties) = preSolution
		HideSolutionNode = FALSE
	EndGlobalSection
	GlobalSection(ExtensibilityGlobals) = postSolution
		SolutionGuid = {9352F97B-D381-42A1-8CC2-56AA5F860771}
	EndGlobalSection
EndGlobal
