
Microsoft Visual Studio Solution File, Format Version 12.00
# Visual Studio Version 17
VisualStudioVersion = 17.11.35327.3
MinimumVisualStudioVersion = 10.0.40219.1
Project("{FAE04EC0-301F-11D3-BF4B-00C04F79EFBC}") = "ex7", "ex7.csproj", "{27620F6D-3FD3-488E-B23B-1B0EDA449777}"
EndProject
Global
	GlobalSection(SolutionConfigurationPlatforms) = preSolution
		Debug|Any CPU = Debug|Any CPU
		Release|Any CPU = Release|Any CPU
	EndGlobalSection
	GlobalSection(ProjectConfigurationPlatforms) = postSolution
		{27620F6D-3FD3-488E-B23B-1B0EDA449777}.Debug|Any CPU.ActiveCfg = Debug|Any CPU
		{27620F6D-3FD3-488E-B23B-1B0EDA449777}.Debug|Any CPU.Build.0 = Debug|Any CPU
		{27620F6D-3FD3-488E-B23B-1B0EDA449777}.Release|Any CPU.ActiveCfg = Release|Any CPU
		{27620F6D-3FD3-488E-B23B-1B0EDA449777}.Release|Any CPU.Build.0 = Release|Any CPU
	EndGlobalSection
	GlobalSection(SolutionProperties) = preSolution
		HideSolutionNode = FALSE
	EndGlobalSection
	GlobalSection(ExtensibilityGlobals) = postSolution
		SolutionGuid = {CC7B507C-5AC1-4779-9E96-C0000F9F075F}
	EndGlobalSection
EndGlobal
