
Microsoft Visual Studio Solution File, Format Version 12.00
# Visual Studio Version 17
VisualStudioVersion = 17.11.35327.3
MinimumVisualStudioVersion = 10.0.40219.1
Project("{FAE04EC0-301F-11D3-BF4B-00C04F79EFBC}") = "ex 15 ed", "ex 15 ed.csproj", "{7A60398D-99DB-43B3-B560-58E35DB090B8}"
EndProject
Global
	GlobalSection(SolutionConfigurationPlatforms) = preSolution
		Debug|Any CPU = Debug|Any CPU
		Release|Any CPU = Release|Any CPU
	EndGlobalSection
	GlobalSection(ProjectConfigurationPlatforms) = postSolution
		{7A60398D-99DB-43B3-B560-58E35DB090B8}.Debug|Any CPU.ActiveCfg = Debug|Any CPU
		{7A60398D-99DB-43B3-B560-58E35DB090B8}.Debug|Any CPU.Build.0 = Debug|Any CPU
		{7A60398D-99DB-43B3-B560-58E35DB090B8}.Release|Any CPU.ActiveCfg = Release|Any CPU
		{7A60398D-99DB-43B3-B560-58E35DB090B8}.Release|Any CPU.Build.0 = Release|Any CPU
	EndGlobalSection
	GlobalSection(SolutionProperties) = preSolution
		HideSolutionNode = FALSE
	EndGlobalSection
	GlobalSection(ExtensibilityGlobals) = postSolution
		SolutionGuid = {F5AE147A-351D-4F79-AA9D-8235BADEFDD2}
	EndGlobalSection
EndGlobal
